
Microsoft Visual Studio Solution File, Format Version 12.00
# Visual Studio Version 16
VisualStudioVersion = 16.0.30320.27
MinimumVisualStudioVersion = 10.0.40219.1
Project("{8BC9CEB8-8B4A-11D0-8D11-00A0C91BC942}") = "WhileLoopCS", "WhileLoopCS\WhileLoopCS.vcxproj", "{B5B690D8-910D-4CF2-B68A-E969F45B6FDE}"
EndProject
Global
	GlobalSection(SolutionConfigurationPlatforms) = preSolution
		Debug|x64 = Debug|x64
		Debug|x86 = Debug|x86
		Release|x64 = Release|x64
		Release|x86 = Release|x86
	EndGlobalSection
	GlobalSection(ProjectConfigurationPlatforms) = postSolution
		{B5B690D8-910D-4CF2-B68A-E969F45B6FDE}.Debug|x64.ActiveCfg = Debug|x64
		{B5B690D8-910D-4CF2-B68A-E969F45B6FDE}.Debug|x64.Build.0 = Debug|x64
		{B5B690D8-910D-4CF2-B68A-E969F45B6FDE}.Debug|x86.ActiveCfg = Debug|Win32
		{B5B690D8-910D-4CF2-B68A-E969F45B6FDE}.Debug|x86.Build.0 = Debug|Win32
		{B5B690D8-910D-4CF2-B68A-E969F45B6FDE}.Release|x64.ActiveCfg = Release|x64
		{B5B690D8-910D-4CF2-B68A-E969F45B6FDE}.Release|x64.Build.0 = Release|x64
		{B5B690D8-910D-4CF2-B68A-E969F45B6FDE}.Release|x86.ActiveCfg = Release|Win32
		{B5B690D8-910D-4CF2-B68A-E969F45B6FDE}.Release|x86.Build.0 = Release|Win32
	EndGlobalSection
	GlobalSection(SolutionProperties) = preSolution
		HideSolutionNode = FALSE
	EndGlobalSection
	GlobalSection(ExtensibilityGlobals) = postSolution
		SolutionGuid = {99010899-25FB-4767-96C7-809572E460EC}
	EndGlobalSection
EndGlobal
