
Microsoft Visual Studio Solution File, Format Version 12.00
# Visual Studio Version 16
VisualStudioVersion = 16.0.30320.27
MinimumVisualStudioVersion = 10.0.40219.1
Project("{8BC9CEB8-8B4A-11D0-8D11-00A0C91BC942}") = "RandomNumber", "RandomNumber\RandomNumber.vcxproj", "{082AD8FB-D864-4E01-985C-825AD8CF9D9C}"
EndProject
Global
	GlobalSection(SolutionConfigurationPlatforms) = preSolution
		Debug|x64 = Debug|x64
		Debug|x86 = Debug|x86
		Release|x64 = Release|x64
		Release|x86 = Release|x86
	EndGlobalSection
	GlobalSection(ProjectConfigurationPlatforms) = postSolution
		{082AD8FB-D864-4E01-985C-825AD8CF9D9C}.Debug|x64.ActiveCfg = Debug|x64
		{082AD8FB-D864-4E01-985C-825AD8CF9D9C}.Debug|x64.Build.0 = Debug|x64
		{082AD8FB-D864-4E01-985C-825AD8CF9D9C}.Debug|x86.ActiveCfg = Debug|Win32
		{082AD8FB-D864-4E01-985C-825AD8CF9D9C}.Debug|x86.Build.0 = Debug|Win32
		{082AD8FB-D864-4E01-985C-825AD8CF9D9C}.Release|x64.ActiveCfg = Release|x64
		{082AD8FB-D864-4E01-985C-825AD8CF9D9C}.Release|x64.Build.0 = Release|x64
		{082AD8FB-D864-4E01-985C-825AD8CF9D9C}.Release|x86.ActiveCfg = Release|Win32
		{082AD8FB-D864-4E01-985C-825AD8CF9D9C}.Release|x86.Build.0 = Release|Win32
	EndGlobalSection
	GlobalSection(SolutionProperties) = preSolution
		HideSolutionNode = FALSE
	EndGlobalSection
	GlobalSection(ExtensibilityGlobals) = postSolution
		SolutionGuid = {349FADA6-526F-420A-BA26-41E226C33233}
	EndGlobalSection
EndGlobal
